// !$*UTF8*$!
{
	archiveVersion = 1;
	classes = {
	};
	objectVersion = 56;
	objects = {

/* Begin PBXBuildFile section */
		C6131AE02B57D43D00A8E7BE /* DismissButton.swift in Sources */ = {isa = PBXBuildFile; fileRef = C6131ADF2B57D43D00A8E7BE /* DismissButton.swift */; };
		C66A40442B5E6B0700E3B4F0 /* Recipe.swift in Sources */ = {isa = PBXBuildFile; fileRef = C66A40432B5E6B0700E3B4F0 /* Recipe.swift */; };
		C680595D2B97352F00014192 /* PreparationStepView.swift in Sources */ = {isa = PBXBuildFile; fileRef = C680595C2B97352F00014192 /* PreparationStepView.swift */; };
		C680595F2B97356400014192 /* PreparationStepViewModel.swift in Sources */ = {isa = PBXBuildFile; fileRef = C680595E2B97356400014192 /* PreparationStepViewModel.swift */; };
		C68059612B98CEFF00014192 /* PhotoSelectorView.swift in Sources */ = {isa = PBXBuildFile; fileRef = C68059602B98CEFF00014192 /* PhotoSelectorView.swift */; };
		C68059632B98D07200014192 /* PhotoSelectorViewModel.swift in Sources */ = {isa = PBXBuildFile; fileRef = C68059622B98D07200014192 /* PhotoSelectorViewModel.swift */; };
		C69843172B4E9AF2004C02BA /* SearchFilterBar.swift in Sources */ = {isa = PBXBuildFile; fileRef = C69843162B4E9AF2004C02BA /* SearchFilterBar.swift */; };
		C698431A2B4EE840004C02BA /* RecipeDetailView.swift in Sources */ = {isa = PBXBuildFile; fileRef = C69843192B4EE840004C02BA /* RecipeDetailView.swift */; };
		C698431D2B4EEFEA004C02BA /* ImageCarouselView.swift in Sources */ = {isa = PBXBuildFile; fileRef = C698431C2B4EEFEA004C02BA /* ImageCarouselView.swift */; };
		C69B1F1F2B8E186D004D441A /* AddRecipeService.swift in Sources */ = {isa = PBXBuildFile; fileRef = C69B1F1E2B8E186D004D441A /* AddRecipeService.swift */; };
		C69F6E852B8F9FCD00236B71 /* IngredientViewModel.swift in Sources */ = {isa = PBXBuildFile; fileRef = C69F6E842B8F9FCD00236B71 /* IngredientViewModel.swift */; };
		C6A1DD682B76850B008ADD43 /* IngredientView.swift in Sources */ = {isa = PBXBuildFile; fileRef = C6A1DD672B76850B008ADD43 /* IngredientView.swift */; };
		C6A1DD6A2B7A7549008ADD43 /* User.swift in Sources */ = {isa = PBXBuildFile; fileRef = C6A1DD692B7A7549008ADD43 /* User.swift */; };
		C6A1DD6D2B7E6853008ADD43 /* RecipeDetailViewModel.swift in Sources */ = {isa = PBXBuildFile; fileRef = C6A1DD6C2B7E6853008ADD43 /* RecipeDetailViewModel.swift */; };
		C6A1DD702B83A8EE008ADD43 /* AddRecipeViewModel.swift in Sources */ = {isa = PBXBuildFile; fileRef = C6A1DD6F2B83A8EE008ADD43 /* AddRecipeViewModel.swift */; };
		C6A4CC322B6A4EF300608D06 /* DeveloperPreview.swift in Sources */ = {isa = PBXBuildFile; fileRef = C6A4CC312B6A4EF300608D06 /* DeveloperPreview.swift */; };
		C6A4CC362B6A7AE300608D06 /* FeedViewModel.swift in Sources */ = {isa = PBXBuildFile; fileRef = C6A4CC352B6A7AE300608D06 /* FeedViewModel.swift */; };
		C6A4CC382B6A7B4A00608D06 /* FeedService.swift in Sources */ = {isa = PBXBuildFile; fileRef = C6A4CC372B6A7B4A00608D06 /* FeedService.swift */; };
		C6A865C02B29C530009DEF25 /* RicippiesApp.swift in Sources */ = {isa = PBXBuildFile; fileRef = C6A865BF2B29C530009DEF25 /* RicippiesApp.swift */; };
		C6A865C22B29C530009DEF25 /* RicippiesTabView.swift in Sources */ = {isa = PBXBuildFile; fileRef = C6A865C12B29C530009DEF25 /* RicippiesTabView.swift */; };
		C6A865C42B29C537009DEF25 /* Assets.xcassets in Resources */ = {isa = PBXBuildFile; fileRef = C6A865C32B29C537009DEF25 /* Assets.xcassets */; };
		C6A865C72B29C537009DEF25 /* Preview Assets.xcassets in Resources */ = {isa = PBXBuildFile; fileRef = C6A865C62B29C537009DEF25 /* Preview Assets.xcassets */; };
		C6A865CE2B29C7AE009DEF25 /* FeedView.swift in Sources */ = {isa = PBXBuildFile; fileRef = C6A865CD2B29C7AE009DEF25 /* FeedView.swift */; };
		C6A865D02B29C7F5009DEF25 /* CategoriesView.swift in Sources */ = {isa = PBXBuildFile; fileRef = C6A865CF2B29C7F5009DEF25 /* CategoriesView.swift */; };
		C6A865D22B29C83C009DEF25 /* AccountView.swift in Sources */ = {isa = PBXBuildFile; fileRef = C6A865D12B29C83C009DEF25 /* AccountView.swift */; };
		C6A865D42B29C86C009DEF25 /* SavedRicippiesView.swift in Sources */ = {isa = PBXBuildFile; fileRef = C6A865D32B29C86C009DEF25 /* SavedRicippiesView.swift */; };
		C6A865D62B29CC73009DEF25 /* Constants.swift in Sources */ = {isa = PBXBuildFile; fileRef = C6A865D52B29CC73009DEF25 /* Constants.swift */; };
		C6A865D82B29E10E009DEF25 /* AddRecipeView.swift in Sources */ = {isa = PBXBuildFile; fileRef = C6A865D72B29E10E009DEF25 /* AddRecipeView.swift */; };
		C6CF7F002B4D801D001EDE98 /* RecipeCardView.swift in Sources */ = {isa = PBXBuildFile; fileRef = C6CF7EFF2B4D801D001EDE98 /* RecipeCardView.swift */; };
/* End PBXBuildFile section */

/* Begin PBXFileReference section */
		C6131ADF2B57D43D00A8E7BE /* DismissButton.swift */ = {isa = PBXFileReference; lastKnownFileType = sourcecode.swift; path = DismissButton.swift; sourceTree = "<group>"; };
		C66A40432B5E6B0700E3B4F0 /* Recipe.swift */ = {isa = PBXFileReference; lastKnownFileType = sourcecode.swift; path = Recipe.swift; sourceTree = "<group>"; };
		C680595C2B97352F00014192 /* PreparationStepView.swift */ = {isa = PBXFileReference; lastKnownFileType = sourcecode.swift; path = PreparationStepView.swift; sourceTree = "<group>"; };
		C680595E2B97356400014192 /* PreparationStepViewModel.swift */ = {isa = PBXFileReference; lastKnownFileType = sourcecode.swift; path = PreparationStepViewModel.swift; sourceTree = "<group>"; };
		C68059602B98CEFF00014192 /* PhotoSelectorView.swift */ = {isa = PBXFileReference; lastKnownFileType = sourcecode.swift; path = PhotoSelectorView.swift; sourceTree = "<group>"; };
		C68059622B98D07200014192 /* PhotoSelectorViewModel.swift */ = {isa = PBXFileReference; lastKnownFileType = sourcecode.swift; path = PhotoSelectorViewModel.swift; sourceTree = "<group>"; };
		C69843162B4E9AF2004C02BA /* SearchFilterBar.swift */ = {isa = PBXFileReference; lastKnownFileType = sourcecode.swift; path = SearchFilterBar.swift; sourceTree = "<group>"; };
		C69843192B4EE840004C02BA /* RecipeDetailView.swift */ = {isa = PBXFileReference; lastKnownFileType = sourcecode.swift; path = RecipeDetailView.swift; sourceTree = "<group>"; };
		C698431C2B4EEFEA004C02BA /* ImageCarouselView.swift */ = {isa = PBXFileReference; lastKnownFileType = sourcecode.swift; path = ImageCarouselView.swift; sourceTree = "<group>"; };
		C69B1F1E2B8E186D004D441A /* AddRecipeService.swift */ = {isa = PBXFileReference; lastKnownFileType = sourcecode.swift; path = AddRecipeService.swift; sourceTree = "<group>"; };
		C69F6E842B8F9FCD00236B71 /* IngredientViewModel.swift */ = {isa = PBXFileReference; lastKnownFileType = sourcecode.swift; path = IngredientViewModel.swift; sourceTree = "<group>"; };
		C6A1DD672B76850B008ADD43 /* IngredientView.swift */ = {isa = PBXFileReference; lastKnownFileType = sourcecode.swift; path = IngredientView.swift; sourceTree = "<group>"; };
		C6A1DD692B7A7549008ADD43 /* User.swift */ = {isa = PBXFileReference; lastKnownFileType = sourcecode.swift; path = User.swift; sourceTree = "<group>"; };
		C6A1DD6C2B7E6853008ADD43 /* RecipeDetailViewModel.swift */ = {isa = PBXFileReference; lastKnownFileType = sourcecode.swift; path = RecipeDetailViewModel.swift; sourceTree = "<group>"; };
		C6A1DD6F2B83A8EE008ADD43 /* AddRecipeViewModel.swift */ = {isa = PBXFileReference; lastKnownFileType = sourcecode.swift; path = AddRecipeViewModel.swift; sourceTree = "<group>"; };
		C6A4CC312B6A4EF300608D06 /* DeveloperPreview.swift */ = {isa = PBXFileReference; lastKnownFileType = sourcecode.swift; path = DeveloperPreview.swift; sourceTree = "<group>"; };
		C6A4CC352B6A7AE300608D06 /* FeedViewModel.swift */ = {isa = PBXFileReference; lastKnownFileType = sourcecode.swift; path = FeedViewModel.swift; sourceTree = "<group>"; };
		C6A4CC372B6A7B4A00608D06 /* FeedService.swift */ = {isa = PBXFileReference; lastKnownFileType = sourcecode.swift; path = FeedService.swift; sourceTree = "<group>"; };
		C6A865BC2B29C530009DEF25 /* Ricippies.app */ = {isa = PBXFileReference; explicitFileType = wrapper.application; includeInIndex = 0; path = Ricippies.app; sourceTree = BUILT_PRODUCTS_DIR; };
		C6A865BF2B29C530009DEF25 /* RicippiesApp.swift */ = {isa = PBXFileReference; lastKnownFileType = sourcecode.swift; path = RicippiesApp.swift; sourceTree = "<group>"; };
		C6A865C12B29C530009DEF25 /* RicippiesTabView.swift */ = {isa = PBXFileReference; lastKnownFileType = sourcecode.swift; path = RicippiesTabView.swift; sourceTree = "<group>"; };
		C6A865C32B29C537009DEF25 /* Assets.xcassets */ = {isa = PBXFileReference; lastKnownFileType = folder.assetcatalog; path = Assets.xcassets; sourceTree = "<group>"; };
		C6A865C62B29C537009DEF25 /* Preview Assets.xcassets */ = {isa = PBXFileReference; lastKnownFileType = folder.assetcatalog; path = "Preview Assets.xcassets"; sourceTree = "<group>"; };
		C6A865CD2B29C7AE009DEF25 /* FeedView.swift */ = {isa = PBXFileReference; lastKnownFileType = sourcecode.swift; path = FeedView.swift; sourceTree = "<group>"; };
		C6A865CF2B29C7F5009DEF25 /* CategoriesView.swift */ = {isa = PBXFileReference; lastKnownFileType = sourcecode.swift; path = CategoriesView.swift; sourceTree = "<group>"; };
		C6A865D12B29C83C009DEF25 /* AccountView.swift */ = {isa = PBXFileReference; lastKnownFileType = sourcecode.swift; path = AccountView.swift; sourceTree = "<group>"; };
		C6A865D32B29C86C009DEF25 /* SavedRicippiesView.swift */ = {isa = PBXFileReference; lastKnownFileType = sourcecode.swift; path = SavedRicippiesView.swift; sourceTree = "<group>"; };
		C6A865D52B29CC73009DEF25 /* Constants.swift */ = {isa = PBXFileReference; lastKnownFileType = sourcecode.swift; path = Constants.swift; sourceTree = "<group>"; };
		C6A865D72B29E10E009DEF25 /* AddRecipeView.swift */ = {isa = PBXFileReference; lastKnownFileType = sourcecode.swift; path = AddRecipeView.swift; sourceTree = "<group>"; };
		C6CF7EFF2B4D801D001EDE98 /* RecipeCardView.swift */ = {isa = PBXFileReference; lastKnownFileType = sourcecode.swift; path = RecipeCardView.swift; sourceTree = "<group>"; };
/* End PBXFileReference section */

/* Begin PBXFrameworksBuildPhase section */
		C6A865B92B29C530009DEF25 /* Frameworks */ = {
			isa = PBXFrameworksBuildPhase;
			buildActionMask = 2147483647;
			files = (
			);
			runOnlyForDeploymentPostprocessing = 0;
		};
/* End PBXFrameworksBuildPhase section */

/* Begin PBXGroup section */
		C66A403F2B5E699E00E3B4F0 /* Model */ = {
			isa = PBXGroup;
			children = (
				C66A40432B5E6B0700E3B4F0 /* Recipe.swift */,
				C6A1DD692B7A7549008ADD43 /* User.swift */,
			);
			path = Model;
			sourceTree = "<group>";
		};
		C66A40402B5E69A800E3B4F0 /* View */ = {
			isa = PBXGroup;
			children = (
				C69843192B4EE840004C02BA /* RecipeDetailView.swift */,
			);
			path = View;
			sourceTree = "<group>";
		};
		C69843182B4EE7F4004C02BA /* Recipes */ = {
			isa = PBXGroup;
			children = (
				C6A1DD6B2B7E6820008ADD43 /* ViewModel */,
				C66A403F2B5E699E00E3B4F0 /* Model */,
				C66A40402B5E69A800E3B4F0 /* View */,
			);
			path = Recipes;
			sourceTree = "<group>";
		};
		C698431B2B4EEFC0004C02BA /* Components */ = {
			isa = PBXGroup;
			children = (
				C698431C2B4EEFEA004C02BA /* ImageCarouselView.swift */,
				C69843162B4E9AF2004C02BA /* SearchFilterBar.swift */,
				C6131ADF2B57D43D00A8E7BE /* DismissButton.swift */,
			);
			path = Components;
			sourceTree = "<group>";
		};
		C69B1F1D2B8E184C004D441A /* Service */ = {
			isa = PBXGroup;
			children = (
				C69B1F1E2B8E186D004D441A /* AddRecipeService.swift */,
			);
			path = Service;
			sourceTree = "<group>";
		};
		C6A1DD622B768433008ADD43 /* Views */ = {
			isa = PBXGroup;
			children = (
				C6A865D72B29E10E009DEF25 /* AddRecipeView.swift */,
				C6A1DD672B76850B008ADD43 /* IngredientView.swift */,
				C680595C2B97352F00014192 /* PreparationStepView.swift */,
				C68059602B98CEFF00014192 /* PhotoSelectorView.swift */,
			);
			path = Views;
			sourceTree = "<group>";
		};
		C6A1DD6B2B7E6820008ADD43 /* ViewModel */ = {
			isa = PBXGroup;
			children = (
				C6A1DD6C2B7E6853008ADD43 /* RecipeDetailViewModel.swift */,
			);
			path = ViewModel;
			sourceTree = "<group>";
		};
		C6A1DD6E2B83A8C7008ADD43 /* ViewModel */ = {
			isa = PBXGroup;
			children = (
				C6A1DD6F2B83A8EE008ADD43 /* AddRecipeViewModel.swift */,
				C69F6E842B8F9FCD00236B71 /* IngredientViewModel.swift */,
				C680595E2B97356400014192 /* PreparationStepViewModel.swift */,
				C68059622B98D07200014192 /* PhotoSelectorViewModel.swift */,
			);
			path = ViewModel;
			sourceTree = "<group>";
		};
		C6A4CC302B6A4EE200608D06 /* Extensions */ = {
			isa = PBXGroup;
			children = (
				C6A4CC312B6A4EF300608D06 /* DeveloperPreview.swift */,
			);
			path = Extensions;
			sourceTree = "<group>";
		};
		C6A4CC332B6A7AC500608D06 /* Service */ = {
			isa = PBXGroup;
			children = (
				C6A4CC372B6A7B4A00608D06 /* FeedService.swift */,
			);
			path = Service;
			sourceTree = "<group>";
		};
		C6A4CC342B6A7AD000608D06 /* ViewModel */ = {
			isa = PBXGroup;
			children = (
				C6A4CC352B6A7AE300608D06 /* FeedViewModel.swift */,
			);
			path = ViewModel;
			sourceTree = "<group>";
		};
		C6A865B32B29C530009DEF25 = {
			isa = PBXGroup;
			children = (
				C6A865BE2B29C530009DEF25 /* Ricippies */,
				C6A865BD2B29C530009DEF25 /* Products */,
			);
			sourceTree = "<group>";
		};
		C6A865BD2B29C530009DEF25 /* Products */ = {
			isa = PBXGroup;
			children = (
				C6A865BC2B29C530009DEF25 /* Ricippies.app */,
			);
			name = Products;
			sourceTree = "<group>";
		};
		C6A865BE2B29C530009DEF25 /* Ricippies */ = {
			isa = PBXGroup;
			children = (
				C6CF7EF62B4D7DE4001EDE98 /* App */,
				C6CF7EF72B4D7DEF001EDE98 /* Features */,
				C6A865C52B29C537009DEF25 /* Preview Content */,
				C6A865D52B29CC73009DEF25 /* Constants.swift */,
				C6A865C32B29C537009DEF25 /* Assets.xcassets */,
			);
			path = Ricippies;
			sourceTree = "<group>";
		};
		C6A865C52B29C537009DEF25 /* Preview Content */ = {
			isa = PBXGroup;
			children = (
				C6A865C62B29C537009DEF25 /* Preview Assets.xcassets */,
			);
			path = "Preview Content";
			sourceTree = "<group>";
		};
		C6CF7EF62B4D7DE4001EDE98 /* App */ = {
			isa = PBXGroup;
			children = (
				C6A865BF2B29C530009DEF25 /* RicippiesApp.swift */,
			);
			path = App;
			sourceTree = "<group>";
		};
		C6CF7EF72B4D7DEF001EDE98 /* Features */ = {
			isa = PBXGroup;
			children = (
				C6A4CC302B6A4EE200608D06 /* Extensions */,
				C698431B2B4EEFC0004C02BA /* Components */,
				C69843182B4EE7F4004C02BA /* Recipes */,
				C6CF7EFD2B4D7E82001EDE98 /* Tab */,
				C6CF7EFA2B4D7E20001EDE98 /* Account */,
				C6CF7EFC2B4D7E4E001EDE98 /* Add */,
				C6CF7EFB2B4D7E25001EDE98 /* Favourites */,
				C6CF7EF92B4D7E19001EDE98 /* Categories */,
				C6CF7EF82B4D7E01001EDE98 /* Feed */,
			);
			path = Features;
			sourceTree = "<group>";
		};
		C6CF7EF82B4D7E01001EDE98 /* Feed */ = {
			isa = PBXGroup;
			children = (
				C6A4CC342B6A7AD000608D06 /* ViewModel */,
				C6A4CC332B6A7AC500608D06 /* Service */,
				C6CF7EFE2B4D7FA4001EDE98 /* Views */,
			);
			path = Feed;
			sourceTree = "<group>";
		};
		C6CF7EF92B4D7E19001EDE98 /* Categories */ = {
			isa = PBXGroup;
			children = (
				C6A865CF2B29C7F5009DEF25 /* CategoriesView.swift */,
			);
			path = Categories;
			sourceTree = "<group>";
		};
		C6CF7EFA2B4D7E20001EDE98 /* Account */ = {
			isa = PBXGroup;
			children = (
				C6A865D12B29C83C009DEF25 /* AccountView.swift */,
			);
			path = Account;
			sourceTree = "<group>";
		};
		C6CF7EFB2B4D7E25001EDE98 /* Favourites */ = {
			isa = PBXGroup;
			children = (
				C6A865D32B29C86C009DEF25 /* SavedRicippiesView.swift */,
			);
			path = Favourites;
			sourceTree = "<group>";
		};
		C6CF7EFC2B4D7E4E001EDE98 /* Add */ = {
			isa = PBXGroup;
			children = (
				C69B1F1D2B8E184C004D441A /* Service */,
				C6A1DD6E2B83A8C7008ADD43 /* ViewModel */,
				C6A1DD622B768433008ADD43 /* Views */,
			);
			path = Add;
			sourceTree = "<group>";
		};
		C6CF7EFD2B4D7E82001EDE98 /* Tab */ = {
			isa = PBXGroup;
			children = (
				C6A865C12B29C530009DEF25 /* RicippiesTabView.swift */,
			);
			path = Tab;
			sourceTree = "<group>";
		};
		C6CF7EFE2B4D7FA4001EDE98 /* Views */ = {
			isa = PBXGroup;
			children = (
				C6A865CD2B29C7AE009DEF25 /* FeedView.swift */,
				C6CF7EFF2B4D801D001EDE98 /* RecipeCardView.swift */,
			);
			path = Views;
			sourceTree = "<group>";
		};
/* End PBXGroup section */

/* Begin PBXNativeTarget section */
		C6A865BB2B29C530009DEF25 /* Ricippies */ = {
			isa = PBXNativeTarget;
			buildConfigurationList = C6A865CA2B29C537009DEF25 /* Build configuration list for PBXNativeTarget "Ricippies" */;
			buildPhases = (
				C6A865B82B29C530009DEF25 /* Sources */,
				C6A865B92B29C530009DEF25 /* Frameworks */,
				C6A865BA2B29C530009DEF25 /* Resources */,
			);
			buildRules = (
			);
			dependencies = (
			);
			name = Ricippies;
			productName = Ricippies;
			productReference = C6A865BC2B29C530009DEF25 /* Ricippies.app */;
			productType = "com.apple.product-type.application";
		};
/* End PBXNativeTarget section */

/* Begin PBXProject section */
		C6A865B42B29C530009DEF25 /* Project object */ = {
			isa = PBXProject;
			attributes = {
				BuildIndependentTargetsInParallel = 1;
				LastSwiftUpdateCheck = 1420;
				LastUpgradeCheck = 1420;
				TargetAttributes = {
					C6A865BB2B29C530009DEF25 = {
						CreatedOnToolsVersion = 14.2;
					};
				};
			};
			buildConfigurationList = C6A865B72B29C530009DEF25 /* Build configuration list for PBXProject "Ricippies" */;
			compatibilityVersion = "Xcode 14.0";
			developmentRegion = en;
			hasScannedForEncodings = 0;
			knownRegions = (
				en,
				Base,
			);
			mainGroup = C6A865B32B29C530009DEF25;
			productRefGroup = C6A865BD2B29C530009DEF25 /* Products */;
			projectDirPath = "";
			projectRoot = "";
			targets = (
				C6A865BB2B29C530009DEF25 /* Ricippies */,
			);
		};
/* End PBXProject section */

/* Begin PBXResourcesBuildPhase section */
		C6A865BA2B29C530009DEF25 /* Resources */ = {
			isa = PBXResourcesBuildPhase;
			buildActionMask = 2147483647;
			files = (
				C6A865C72B29C537009DEF25 /* Preview Assets.xcassets in Resources */,
				C6A865C42B29C537009DEF25 /* Assets.xcassets in Resources */,
			);
			runOnlyForDeploymentPostprocessing = 0;
		};
/* End PBXResourcesBuildPhase section */

/* Begin PBXSourcesBuildPhase section */
		C6A865B82B29C530009DEF25 /* Sources */ = {
			isa = PBXSourcesBuildPhase;
			buildActionMask = 2147483647;
			files = (
				C680595D2B97352F00014192 /* PreparationStepView.swift in Sources */,
				C6131AE02B57D43D00A8E7BE /* DismissButton.swift in Sources */,
				C6A865D02B29C7F5009DEF25 /* CategoriesView.swift in Sources */,
				C6CF7F002B4D801D001EDE98 /* RecipeCardView.swift in Sources */,
				C69B1F1F2B8E186D004D441A /* AddRecipeService.swift in Sources */,
				C6A865D82B29E10E009DEF25 /* AddRecipeView.swift in Sources */,
				C68059612B98CEFF00014192 /* PhotoSelectorView.swift in Sources */,
				C6A865C22B29C530009DEF25 /* RicippiesTabView.swift in Sources */,
				C6A4CC322B6A4EF300608D06 /* DeveloperPreview.swift in Sources */,
				C6A865CE2B29C7AE009DEF25 /* FeedView.swift in Sources */,
				C69F6E852B8F9FCD00236B71 /* IngredientViewModel.swift in Sources */,
				C6A865D42B29C86C009DEF25 /* SavedRicippiesView.swift in Sources */,
				C698431A2B4EE840004C02BA /* RecipeDetailView.swift in Sources */,
				C680595F2B97356400014192 /* PreparationStepViewModel.swift in Sources */,
				C6A1DD682B76850B008ADD43 /* IngredientView.swift in Sources */,
				C6A865D62B29CC73009DEF25 /* Constants.swift in Sources */,
				C66A40442B5E6B0700E3B4F0 /* Recipe.swift in Sources */,
				C69843172B4E9AF2004C02BA /* SearchFilterBar.swift in Sources */,
				C6A1DD6D2B7E6853008ADD43 /* RecipeDetailViewModel.swift in Sources */,
				C68059632B98D07200014192 /* PhotoSelectorViewModel.swift in Sources */,
				C6A865C02B29C530009DEF25 /* RicippiesApp.swift in Sources */,
				C698431D2B4EEFEA004C02BA /* ImageCarouselView.swift in Sources */,
				C6A4CC362B6A7AE300608D06 /* FeedViewModel.swift in Sources */,
				C6A865D22B29C83C009DEF25 /* AccountView.swift in Sources */,
				C6A4CC382B6A7B4A00608D06 /* FeedService.swift in Sources */,
				C6A1DD702B83A8EE008ADD43 /* AddRecipeViewModel.swift in Sources */,
				C6A1DD6A2B7A7549008ADD43 /* User.swift in Sources */,
			);
			runOnlyForDeploymentPostprocessing = 0;
		};
/* End PBXSourcesBuildPhase section */

/* Begin XCBuildConfiguration section */
		C6A865C82B29C537009DEF25 /* Debug */ = {
			isa = XCBuildConfiguration;
			buildSettings = {
				ALWAYS_SEARCH_USER_PATHS = NO;
				CLANG_ANALYZER_NONNULL = YES;
				CLANG_ANALYZER_NUMBER_OBJECT_CONVERSION = YES_AGGRESSIVE;
				CLANG_CXX_LANGUAGE_STANDARD = "gnu++20";
				CLANG_ENABLE_MODULES = YES;
				CLANG_ENABLE_OBJC_ARC = YES;
				CLANG_ENABLE_OBJC_WEAK = YES;
				CLANG_WARN_BLOCK_CAPTURE_AUTORELEASING = YES;
				CLANG_WARN_BOOL_CONVERSION = YES;
				CLANG_WARN_COMMA = YES;
				CLANG_WARN_CONSTANT_CONVERSION = YES;
				CLANG_WARN_DEPRECATED_OBJC_IMPLEMENTATIONS = YES;
				CLANG_WARN_DIRECT_OBJC_ISA_USAGE = YES_ERROR;
				CLANG_WARN_DOCUMENTATION_COMMENTS = YES;
				CLANG_WARN_EMPTY_BODY = YES;
				CLANG_WARN_ENUM_CONVERSION = YES;
				CLANG_WARN_INFINITE_RECURSION = YES;
				CLANG_WARN_INT_CONVERSION = YES;
				CLANG_WARN_NON_LITERAL_NULL_CONVERSION = YES;
				CLANG_WARN_OBJC_IMPLICIT_RETAIN_SELF = YES;
				CLANG_WARN_OBJC_LITERAL_CONVERSION = YES;
				CLANG_WARN_OBJC_ROOT_CLASS = YES_ERROR;
				CLANG_WARN_QUOTED_INCLUDE_IN_FRAMEWORK_HEADER = YES;
				CLANG_WARN_RANGE_LOOP_ANALYSIS = YES;
				CLANG_WARN_STRICT_PROTOTYPES = YES;
				CLANG_WARN_SUSPICIOUS_MOVE = YES;
				CLANG_WARN_UNGUARDED_AVAILABILITY = YES_AGGRESSIVE;
				CLANG_WARN_UNREACHABLE_CODE = YES;
				CLANG_WARN__DUPLICATE_METHOD_MATCH = YES;
				COPY_PHASE_STRIP = NO;
				DEBUG_INFORMATION_FORMAT = dwarf;
				ENABLE_STRICT_OBJC_MSGSEND = YES;
				ENABLE_TESTABILITY = YES;
				GCC_C_LANGUAGE_STANDARD = gnu11;
				GCC_DYNAMIC_NO_PIC = NO;
				GCC_NO_COMMON_BLOCKS = YES;
				GCC_OPTIMIZATION_LEVEL = 0;
				GCC_PREPROCESSOR_DEFINITIONS = (
					"DEBUG=1",
					"$(inherited)",
				);
				GCC_WARN_64_TO_32_BIT_CONVERSION = YES;
				GCC_WARN_ABOUT_RETURN_TYPE = YES_ERROR;
				GCC_WARN_UNDECLARED_SELECTOR = YES;
				GCC_WARN_UNINITIALIZED_AUTOS = YES_AGGRESSIVE;
				GCC_WARN_UNUSED_FUNCTION = YES;
				GCC_WARN_UNUSED_VARIABLE = YES;
				IPHONEOS_DEPLOYMENT_TARGET = 16.2;
				MTL_ENABLE_DEBUG_INFO = INCLUDE_SOURCE;
				MTL_FAST_MATH = YES;
				ONLY_ACTIVE_ARCH = YES;
				SDKROOT = iphoneos;
				SWIFT_ACTIVE_COMPILATION_CONDITIONS = DEBUG;
				SWIFT_OPTIMIZATION_LEVEL = "-Onone";
			};
			name = Debug;
		};
		C6A865C92B29C537009DEF25 /* Release */ = {
			isa = XCBuildConfiguration;
			buildSettings = {
				ALWAYS_SEARCH_USER_PATHS = NO;
				CLANG_ANALYZER_NONNULL = YES;
				CLANG_ANALYZER_NUMBER_OBJECT_CONVERSION = YES_AGGRESSIVE;
				CLANG_CXX_LANGUAGE_STANDARD = "gnu++20";
				CLANG_ENABLE_MODULES = YES;
				CLANG_ENABLE_OBJC_ARC = YES;
				CLANG_ENABLE_OBJC_WEAK = YES;
				CLANG_WARN_BLOCK_CAPTURE_AUTORELEASING = YES;
				CLANG_WARN_BOOL_CONVERSION = YES;
				CLANG_WARN_COMMA = YES;
				CLANG_WARN_CONSTANT_CONVERSION = YES;
				CLANG_WARN_DEPRECATED_OBJC_IMPLEMENTATIONS = YES;
				CLANG_WARN_DIRECT_OBJC_ISA_USAGE = YES_ERROR;
				CLANG_WARN_DOCUMENTATION_COMMENTS = YES;
				CLANG_WARN_EMPTY_BODY = YES;
				CLANG_WARN_ENUM_CONVERSION = YES;
				CLANG_WARN_INFINITE_RECURSION = YES;
				CLANG_WARN_INT_CONVERSION = YES;
				CLANG_WARN_NON_LITERAL_NULL_CONVERSION = YES;
				CLANG_WARN_OBJC_IMPLICIT_RETAIN_SELF = YES;
				CLANG_WARN_OBJC_LITERAL_CONVERSION = YES;
				CLANG_WARN_OBJC_ROOT_CLASS = YES_ERROR;
				CLANG_WARN_QUOTED_INCLUDE_IN_FRAMEWORK_HEADER = YES;
				CLANG_WARN_RANGE_LOOP_ANALYSIS = YES;
				CLANG_WARN_STRICT_PROTOTYPES = YES;
				CLANG_WARN_SUSPICIOUS_MOVE = YES;
				CLANG_WARN_UNGUARDED_AVAILABILITY = YES_AGGRESSIVE;
				CLANG_WARN_UNREACHABLE_CODE = YES;
				CLANG_WARN__DUPLICATE_METHOD_MATCH = YES;
				COPY_PHASE_STRIP = NO;
				DEBUG_INFORMATION_FORMAT = "dwarf-with-dsym";
				ENABLE_NS_ASSERTIONS = NO;
				ENABLE_STRICT_OBJC_MSGSEND = YES;
				GCC_C_LANGUAGE_STANDARD = gnu11;
				GCC_NO_COMMON_BLOCKS = YES;
				GCC_WARN_64_TO_32_BIT_CONVERSION = YES;
				GCC_WARN_ABOUT_RETURN_TYPE = YES_ERROR;
				GCC_WARN_UNDECLARED_SELECTOR = YES;
				GCC_WARN_UNINITIALIZED_AUTOS = YES_AGGRESSIVE;
				GCC_WARN_UNUSED_FUNCTION = YES;
				GCC_WARN_UNUSED_VARIABLE = YES;
				IPHONEOS_DEPLOYMENT_TARGET = 16.2;
				MTL_ENABLE_DEBUG_INFO = NO;
				MTL_FAST_MATH = YES;
				SDKROOT = iphoneos;
				SWIFT_COMPILATION_MODE = wholemodule;
				SWIFT_OPTIMIZATION_LEVEL = "-O";
				VALIDATE_PRODUCT = YES;
			};
			name = Release;
		};
		C6A865CB2B29C537009DEF25 /* Debug */ = {
			isa = XCBuildConfiguration;
			buildSettings = {
				ASSETCATALOG_COMPILER_APPICON_NAME = AppIcon;
				ASSETCATALOG_COMPILER_GLOBAL_ACCENT_COLOR_NAME = AccentColor;
				CODE_SIGN_STYLE = Automatic;
				CURRENT_PROJECT_VERSION = 1;
				DEVELOPMENT_ASSET_PATHS = "\"Ricippies/Preview Content\"";
				DEVELOPMENT_TEAM = BGM7MLY8F7;
				ENABLE_PREVIEWS = YES;
				GENERATE_INFOPLIST_FILE = YES;
				INFOPLIST_KEY_UIApplicationSceneManifest_Generation = YES;
				INFOPLIST_KEY_UIApplicationSupportsIndirectInputEvents = YES;
				INFOPLIST_KEY_UILaunchScreen_Generation = YES;
				INFOPLIST_KEY_UISupportedInterfaceOrientations_iPad = "UIInterfaceOrientationPortrait UIInterfaceOrientationPortraitUpsideDown UIInterfaceOrientationLandscapeLeft UIInterfaceOrientationLandscapeRight";
				INFOPLIST_KEY_UISupportedInterfaceOrientations_iPhone = "UIInterfaceOrientationPortrait UIInterfaceOrientationLandscapeLeft UIInterfaceOrientationLandscapeRight";
				LD_RUNPATH_SEARCH_PATHS = (
					"$(inherited)",
					"@executable_path/Frameworks",
				);
				MARKETING_VERSION = 1.0;
				PRODUCT_BUNDLE_IDENTIFIER = com.angelaterao.Ricippies;
				PRODUCT_NAME = "$(TARGET_NAME)";
				SWIFT_EMIT_LOC_STRINGS = YES;
				SWIFT_VERSION = 5.0;
				TARGETED_DEVICE_FAMILY = "1,2";
			};
			name = Debug;
		};
		C6A865CC2B29C537009DEF25 /* Release */ = {
			isa = XCBuildConfiguration;
			buildSettings = {
				ASSETCATALOG_COMPILER_APPICON_NAME = AppIcon;
				ASSETCATALOG_COMPILER_GLOBAL_ACCENT_COLOR_NAME = AccentColor;
				CODE_SIGN_STYLE = Automatic;
				CURRENT_PROJECT_VERSION = 1;
				DEVELOPMENT_ASSET_PATHS = "\"Ricippies/Preview Content\"";
				DEVELOPMENT_TEAM = BGM7MLY8F7;
				ENABLE_PREVIEWS = YES;
				GENERATE_INFOPLIST_FILE = YES;
				INFOPLIST_KEY_UIApplicationSceneManifest_Generation = YES;
				INFOPLIST_KEY_UIApplicationSupportsIndirectInputEvents = YES;
				INFOPLIST_KEY_UILaunchScreen_Generation = YES;
				INFOPLIST_KEY_UISupportedInterfaceOrientations_iPad = "UIInterfaceOrientationPortrait UIInterfaceOrientationPortraitUpsideDown UIInterfaceOrientationLandscapeLeft UIInterfaceOrientationLandscapeRight";
				INFOPLIST_KEY_UISupportedInterfaceOrientations_iPhone = "UIInterfaceOrientationPortrait UIInterfaceOrientationLandscapeLeft UIInterfaceOrientationLandscapeRight";
				LD_RUNPATH_SEARCH_PATHS = (
					"$(inherited)",
					"@executable_path/Frameworks",
				);
				MARKETING_VERSION = 1.0;
				PRODUCT_BUNDLE_IDENTIFIER = com.angelaterao.Ricippies;
				PRODUCT_NAME = "$(TARGET_NAME)";
				SWIFT_EMIT_LOC_STRINGS = YES;
				SWIFT_VERSION = 5.0;
				TARGETED_DEVICE_FAMILY = "1,2";
			};
			name = Release;
		};
/* End XCBuildConfiguration section */

/* Begin XCConfigurationList section */
		C6A865B72B29C530009DEF25 /* Build configuration list for PBXProject "Ricippies" */ = {
			isa = XCConfigurationList;
			buildConfigurations = (
				C6A865C82B29C537009DEF25 /* Debug */,
				C6A865C92B29C537009DEF25 /* Release */,
			);
			defaultConfigurationIsVisible = 0;
			defaultConfigurationName = Release;
		};
		C6A865CA2B29C537009DEF25 /* Build configuration list for PBXNativeTarget "Ricippies" */ = {
			isa = XCConfigurationList;
			buildConfigurations = (
				C6A865CB2B29C537009DEF25 /* Debug */,
				C6A865CC2B29C537009DEF25 /* Release */,
			);
			defaultConfigurationIsVisible = 0;
			defaultConfigurationName = Release;
		};
/* End XCConfigurationList section */
	};
	rootObject = C6A865B42B29C530009DEF25 /* Project object */;
}
